
Microsoft Visual Studio Solution File, Format Version 12.00
Project("{FAE04EC0-301F-11D3-BF4B-00C04F79EFBC}") = "AMZN", "AMZN.csproj", "{EF7EE308-0F21-49F0-8E15-96B0FF32C88C}"
EndProject
Global
	GlobalSection(SolutionConfigurationPlatforms) = preSolution
		Debug|Any CPU = Debug|Any CPU
		Release|Any CPU = Release|Any CPU
	EndGlobalSection
	GlobalSection(ProjectConfigurationPlatforms) = postSolution
		{EF7EE308-0F21-49F0-8E15-96B0FF32C88C}.Debug|Any CPU.ActiveCfg = Debug|Any CPU
		{EF7EE308-0F21-49F0-8E15-96B0FF32C88C}.Debug|Any CPU.Build.0 = Debug|Any CPU
		{EF7EE308-0F21-49F0-8E15-96B0FF32C88C}.Release|Any CPU.ActiveCfg = Release|Any CPU
		{EF7EE308-0F21-49F0-8E15-96B0FF32C88C}.Release|Any CPU.Build.0 = Release|Any CPU
	EndGlobalSection
EndGlobal
